
Microsoft Visual Studio Solution File, Format Version 12.00
# Visual Studio Version 17
VisualStudioVersion = 17.5.002.0
MinimumVisualStudioVersion = 10.0.40219.1
Project("{9A19103F-16F7-4668-BE54-9A1E7A4F7556}") = "1", "1\1.csproj", "{1058A6C6-A10C-4865-84A3-7B4253437AD2}"
EndProject
Global
	GlobalSection(SolutionConfigurationPlatforms) = preSolution
		Debug|Any CPU = Debug|Any CPU
		Release|Any CPU = Release|Any CPU
	EndGlobalSection
	GlobalSection(ProjectConfigurationPlatforms) = postSolution
		{1058A6C6-A10C-4865-84A3-7B4253437AD2}.Debug|Any CPU.ActiveCfg = Debug|Any CPU
		{1058A6C6-A10C-4865-84A3-7B4253437AD2}.Debug|Any CPU.Build.0 = Debug|Any CPU
		{1058A6C6-A10C-4865-84A3-7B4253437AD2}.Release|Any CPU.ActiveCfg = Release|Any CPU
		{1058A6C6-A10C-4865-84A3-7B4253437AD2}.Release|Any CPU.Build.0 = Release|Any CPU
	EndGlobalSection
	GlobalSection(SolutionProperties) = preSolution
		HideSolutionNode = FALSE
	EndGlobalSection
	GlobalSection(ExtensibilityGlobals) = postSolution
		SolutionGuid = {528F64B9-8753-44D1-9FDE-0B712070EABC}
	EndGlobalSection
EndGlobal
